
Microsoft Visual Studio Solution File, Format Version 12.00
# Visual Studio 15
VisualStudioVersion = 15.0.27428.2005
MinimumVisualStudioVersion = 10.0.40219.1
Project("{FAE04EC0-301F-11D3-BF4B-00C04F79EFBC}") = "FakeTornello", "FakeTornello\FakeTornello.csproj", "{321CB59F-F57D-494C-80D9-2EA73070F921}"
EndProject
Project("{FAE04EC0-301F-11D3-BF4B-00C04F79EFBC}") = "MasterOfTornelli", "MasterOfTornelli\MasterOfTornelli.csproj", "{BB9B6975-CE46-484C-A498-E2E6CBC5E8A6}"
EndProject
Global
	GlobalSection(SolutionConfigurationPlatforms) = preSolution
		Debug|Any CPU = Debug|Any CPU
		Release|Any CPU = Release|Any CPU
	EndGlobalSection
	GlobalSection(ProjectConfigurationPlatforms) = postSolution
		{321CB59F-F57D-494C-80D9-2EA73070F921}.Debug|Any CPU.ActiveCfg = Debug|Any CPU
		{321CB59F-F57D-494C-80D9-2EA73070F921}.Debug|Any CPU.Build.0 = Debug|Any CPU
		{321CB59F-F57D-494C-80D9-2EA73070F921}.Release|Any CPU.ActiveCfg = Release|Any CPU
		{321CB59F-F57D-494C-80D9-2EA73070F921}.Release|Any CPU.Build.0 = Release|Any CPU
		{BB9B6975-CE46-484C-A498-E2E6CBC5E8A6}.Debug|Any CPU.ActiveCfg = Debug|Any CPU
		{BB9B6975-CE46-484C-A498-E2E6CBC5E8A6}.Debug|Any CPU.Build.0 = Debug|Any CPU
		{BB9B6975-CE46-484C-A498-E2E6CBC5E8A6}.Release|Any CPU.ActiveCfg = Release|Any CPU
		{BB9B6975-CE46-484C-A498-E2E6CBC5E8A6}.Release|Any CPU.Build.0 = Release|Any CPU
	EndGlobalSection
	GlobalSection(SolutionProperties) = preSolution
		HideSolutionNode = FALSE
	EndGlobalSection
	GlobalSection(ExtensibilityGlobals) = postSolution
		SolutionGuid = {60C56436-95E4-4D30-AE5A-64F16520D5FF}
	EndGlobalSection
EndGlobal
